// !$*UTF8*$!
{
	archiveVersion = 1;
	classes = {
	};
	objectVersion = 56;
	objects = {

/* Begin PBXBuildFile section */
		610058A52A5E90EA00E8732C /* AppDelegate.swift in Sources */ = {isa = PBXBuildFile; fileRef = 610058A42A5E90EA00E8732C /* AppDelegate.swift */; };
		610058A72A5E90EA00E8732C /* SceneDelegate.swift in Sources */ = {isa = PBXBuildFile; fileRef = 610058A62A5E90EA00E8732C /* SceneDelegate.swift */; };
		610058AE2A5E90ED00E8732C /* Assets.xcassets in Resources */ = {isa = PBXBuildFile; fileRef = 610058AD2A5E90ED00E8732C /* Assets.xcassets */; };
		610058B12A5E90ED00E8732C /* LaunchScreen.storyboard in Resources */ = {isa = PBXBuildFile; fileRef = 610058AF2A5E90ED00E8732C /* LaunchScreen.storyboard */; };
		610058B92A5EB71500E8732C /* TabBarController.swift in Sources */ = {isa = PBXBuildFile; fileRef = 610058B82A5EB71500E8732C /* TabBarController.swift */; };
		610058BB2A5EB78300E8732C /* HabitsViewController.swift in Sources */ = {isa = PBXBuildFile; fileRef = 610058BA2A5EB78300E8732C /* HabitsViewController.swift */; };
		610058BF2A5EBFA100E8732C /* ExtensionUIViewController.swift in Sources */ = {isa = PBXBuildFile; fileRef = 610058BE2A5EBFA100E8732C /* ExtensionUIViewController.swift */; };
		610058C12A5EBFA900E8732C /* HabitsStore.swift in Sources */ = {isa = PBXBuildFile; fileRef = 610058C02A5EBFA900E8732C /* HabitsStore.swift */; };
		610058C32A5EC05000E8732C /* HabitViewController.swift in Sources */ = {isa = PBXBuildFile; fileRef = 610058C22A5EC05000E8732C /* HabitViewController.swift */; };
		610058C52A5EC42600E8732C /* InfoViewController.swift in Sources */ = {isa = PBXBuildFile; fileRef = 610058C42A5EC42600E8732C /* InfoViewController.swift */; };
		610058C72A5EC4CE00E8732C /* InfoText.rtf in Resources */ = {isa = PBXBuildFile; fileRef = 610058C62A5EC4CE00E8732C /* InfoText.rtf */; };
		610058CB2A61151500E8732C /* HabitCollectionViewCell.swift in Sources */ = {isa = PBXBuildFile; fileRef = 610058CA2A61151500E8732C /* HabitCollectionViewCell.swift */; };
		610058CD2A6115D600E8732C /* ProgressCollectionViewCell.swift in Sources */ = {isa = PBXBuildFile; fileRef = 610058CC2A6115D600E8732C /* ProgressCollectionViewCell.swift */; };
		610058D12A63C67000E8732C /* HabitDetailsViewController.swift in Sources */ = {isa = PBXBuildFile; fileRef = 610058D02A63C66F00E8732C /* HabitDetailsViewController.swift */; };
		610058D32A63C72C00E8732C /* HabitDetailsTableViewCell.swift in Sources */ = {isa = PBXBuildFile; fileRef = 610058D22A63C72C00E8732C /* HabitDetailsTableViewCell.swift */; };
		610058D52A63D65300E8732C /* HabitDetailsTableHeaderView.swift in Sources */ = {isa = PBXBuildFile; fileRef = 610058D42A63D65300E8732C /* HabitDetailsTableHeaderView.swift */; };
/* End PBXBuildFile section */

/* Begin PBXFileReference section */
		610058A12A5E90EA00E8732C /* MyHabits.app */ = {isa = PBXFileReference; explicitFileType = wrapper.application; includeInIndex = 0; path = MyHabits.app; sourceTree = BUILT_PRODUCTS_DIR; };
		610058A42A5E90EA00E8732C /* AppDelegate.swift */ = {isa = PBXFileReference; lastKnownFileType = sourcecode.swift; path = AppDelegate.swift; sourceTree = "<group>"; };
		610058A62A5E90EA00E8732C /* SceneDelegate.swift */ = {isa = PBXFileReference; lastKnownFileType = sourcecode.swift; path = SceneDelegate.swift; sourceTree = "<group>"; };
		610058AD2A5E90ED00E8732C /* Assets.xcassets */ = {isa = PBXFileReference; lastKnownFileType = folder.assetcatalog; path = Assets.xcassets; sourceTree = "<group>"; };
		610058B02A5E90ED00E8732C /* Base */ = {isa = PBXFileReference; lastKnownFileType = file.storyboard; name = Base; path = Base.lproj/LaunchScreen.storyboard; sourceTree = "<group>"; };
		610058B22A5E90ED00E8732C /* Info.plist */ = {isa = PBXFileReference; lastKnownFileType = text.plist.xml; path = Info.plist; sourceTree = "<group>"; };
		610058B82A5EB71500E8732C /* TabBarController.swift */ = {isa = PBXFileReference; lastKnownFileType = sourcecode.swift; path = TabBarController.swift; sourceTree = "<group>"; };
		610058BA2A5EB78300E8732C /* HabitsViewController.swift */ = {isa = PBXFileReference; lastKnownFileType = sourcecode.swift; path = HabitsViewController.swift; sourceTree = "<group>"; };
		610058BE2A5EBFA100E8732C /* ExtensionUIViewController.swift */ = {isa = PBXFileReference; fileEncoding = 4; lastKnownFileType = sourcecode.swift; path = ExtensionUIViewController.swift; sourceTree = "<group>"; };
		610058C02A5EBFA900E8732C /* HabitsStore.swift */ = {isa = PBXFileReference; fileEncoding = 4; lastKnownFileType = sourcecode.swift; path = HabitsStore.swift; sourceTree = "<group>"; };
		610058C22A5EC05000E8732C /* HabitViewController.swift */ = {isa = PBXFileReference; lastKnownFileType = sourcecode.swift; path = HabitViewController.swift; sourceTree = "<group>"; };
		610058C42A5EC42600E8732C /* InfoViewController.swift */ = {isa = PBXFileReference; lastKnownFileType = sourcecode.swift; path = InfoViewController.swift; sourceTree = "<group>"; };
		610058C62A5EC4CE00E8732C /* InfoText.rtf */ = {isa = PBXFileReference; lastKnownFileType = text.rtf; path = InfoText.rtf; sourceTree = "<group>"; };
		610058CA2A61151500E8732C /* HabitCollectionViewCell.swift */ = {isa = PBXFileReference; lastKnownFileType = sourcecode.swift; path = HabitCollectionViewCell.swift; sourceTree = "<group>"; };
		610058CC2A6115D600E8732C /* ProgressCollectionViewCell.swift */ = {isa = PBXFileReference; lastKnownFileType = sourcecode.swift; path = ProgressCollectionViewCell.swift; sourceTree = "<group>"; };
		610058D02A63C66F00E8732C /* HabitDetailsViewController.swift */ = {isa = PBXFileReference; lastKnownFileType = sourcecode.swift; path = HabitDetailsViewController.swift; sourceTree = "<group>"; };
		610058D22A63C72C00E8732C /* HabitDetailsTableViewCell.swift */ = {isa = PBXFileReference; lastKnownFileType = sourcecode.swift; path = HabitDetailsTableViewCell.swift; sourceTree = "<group>"; };
		610058D42A63D65300E8732C /* HabitDetailsTableHeaderView.swift */ = {isa = PBXFileReference; lastKnownFileType = sourcecode.swift; path = HabitDetailsTableHeaderView.swift; sourceTree = "<group>"; };
/* End PBXFileReference section */

/* Begin PBXFrameworksBuildPhase section */
		6100589E2A5E90EA00E8732C /* Frameworks */ = {
			isa = PBXFrameworksBuildPhase;
			buildActionMask = 2147483647;
			files = (
			);
			runOnlyForDeploymentPostprocessing = 0;
		};
/* End PBXFrameworksBuildPhase section */

/* Begin PBXGroup section */
		610058982A5E90EA00E8732C = {
			isa = PBXGroup;
			children = (
				610058A32A5E90EA00E8732C /* MyHabits */,
				610058A22A5E90EA00E8732C /* Products */,
			);
			sourceTree = "<group>";
		};
		610058A22A5E90EA00E8732C /* Products */ = {
			isa = PBXGroup;
			children = (
				610058A12A5E90EA00E8732C /* MyHabits.app */,
			);
			name = Products;
			sourceTree = "<group>";
		};
		610058A32A5E90EA00E8732C /* MyHabits */ = {
			isa = PBXGroup;
			children = (
				610058C02A5EBFA900E8732C /* HabitsStore.swift */,
				610058BE2A5EBFA100E8732C /* ExtensionUIViewController.swift */,
				610058A42A5E90EA00E8732C /* AppDelegate.swift */,
				610058C22A5EC05000E8732C /* HabitViewController.swift */,
				610058A62A5E90EA00E8732C /* SceneDelegate.swift */,
				610058B82A5EB71500E8732C /* TabBarController.swift */,
				610058C42A5EC42600E8732C /* InfoViewController.swift */,
				610058C62A5EC4CE00E8732C /* InfoText.rtf */,
				610058BA2A5EB78300E8732C /* HabitsViewController.swift */,
				610058D02A63C66F00E8732C /* HabitDetailsViewController.swift */,
				610058D22A63C72C00E8732C /* HabitDetailsTableViewCell.swift */,
				610058CA2A61151500E8732C /* HabitCollectionViewCell.swift */,
				610058D42A63D65300E8732C /* HabitDetailsTableHeaderView.swift */,
				610058CC2A6115D600E8732C /* ProgressCollectionViewCell.swift */,
				610058AD2A5E90ED00E8732C /* Assets.xcassets */,
				610058AF2A5E90ED00E8732C /* LaunchScreen.storyboard */,
				610058B22A5E90ED00E8732C /* Info.plist */,
			);
			path = MyHabits;
			sourceTree = "<group>";
		};
/* End PBXGroup section */

/* Begin PBXNativeTarget section */
		610058A02A5E90EA00E8732C /* MyHabits */ = {
			isa = PBXNativeTarget;
			buildConfigurationList = 610058B52A5E90ED00E8732C /* Build configuration list for PBXNativeTarget "MyHabits" */;
			buildPhases = (
				6100589D2A5E90EA00E8732C /* Sources */,
				6100589E2A5E90EA00E8732C /* Frameworks */,
				6100589F2A5E90EA00E8732C /* Resources */,
			);
			buildRules = (
			);
			dependencies = (
			);
			name = MyHabits;
			productName = MyHabits;
			productReference = 610058A12A5E90EA00E8732C /* MyHabits.app */;
			productType = "com.apple.product-type.application";
		};
/* End PBXNativeTarget section */

/* Begin PBXProject section */
		610058992A5E90EA00E8732C /* Project object */ = {
			isa = PBXProject;
			attributes = {
				BuildIndependentTargetsInParallel = 1;
				LastSwiftUpdateCheck = 1420;
				LastUpgradeCheck = 1420;
				TargetAttributes = {
					610058A02A5E90EA00E8732C = {
						CreatedOnToolsVersion = 14.2;
					};
				};
			};
			buildConfigurationList = 6100589C2A5E90EA00E8732C /* Build configuration list for PBXProject "MyHabits" */;
			compatibilityVersion = "Xcode 14.0";
			developmentRegion = en;
			hasScannedForEncodings = 0;
			knownRegions = (
				en,
				Base,
			);
			mainGroup = 610058982A5E90EA00E8732C;
			productRefGroup = 610058A22A5E90EA00E8732C /* Products */;
			projectDirPath = "";
			projectRoot = "";
			targets = (
				610058A02A5E90EA00E8732C /* MyHabits */,
			);
		};
/* End PBXProject section */

/* Begin PBXResourcesBuildPhase section */
		6100589F2A5E90EA00E8732C /* Resources */ = {
			isa = PBXResourcesBuildPhase;
			buildActionMask = 2147483647;
			files = (
				610058B12A5E90ED00E8732C /* LaunchScreen.storyboard in Resources */,
				610058C72A5EC4CE00E8732C /* InfoText.rtf in Resources */,
				610058AE2A5E90ED00E8732C /* Assets.xcassets in Resources */,
			);
			runOnlyForDeploymentPostprocessing = 0;
		};
/* End PBXResourcesBuildPhase section */

/* Begin PBXSourcesBuildPhase section */
		6100589D2A5E90EA00E8732C /* Sources */ = {
			isa = PBXSourcesBuildPhase;
			buildActionMask = 2147483647;
			files = (
				610058D12A63C67000E8732C /* HabitDetailsViewController.swift in Sources */,
				610058D52A63D65300E8732C /* HabitDetailsTableHeaderView.swift in Sources */,
				610058B92A5EB71500E8732C /* TabBarController.swift in Sources */,
				610058A52A5E90EA00E8732C /* AppDelegate.swift in Sources */,
				610058BB2A5EB78300E8732C /* HabitsViewController.swift in Sources */,
				610058C52A5EC42600E8732C /* InfoViewController.swift in Sources */,
				610058CD2A6115D600E8732C /* ProgressCollectionViewCell.swift in Sources */,
				610058C12A5EBFA900E8732C /* HabitsStore.swift in Sources */,
				610058A72A5E90EA00E8732C /* SceneDelegate.swift in Sources */,
				610058C32A5EC05000E8732C /* HabitViewController.swift in Sources */,
				610058BF2A5EBFA100E8732C /* ExtensionUIViewController.swift in Sources */,
				610058CB2A61151500E8732C /* HabitCollectionViewCell.swift in Sources */,
				610058D32A63C72C00E8732C /* HabitDetailsTableViewCell.swift in Sources */,
			);
			runOnlyForDeploymentPostprocessing = 0;
		};
/* End PBXSourcesBuildPhase section */

/* Begin PBXVariantGroup section */
		610058AF2A5E90ED00E8732C /* LaunchScreen.storyboard */ = {
			isa = PBXVariantGroup;
			children = (
				610058B02A5E90ED00E8732C /* Base */,
			);
			name = LaunchScreen.storyboard;
			sourceTree = "<group>";
		};
/* End PBXVariantGroup section */

/* Begin XCBuildConfiguration section */
		610058B32A5E90ED00E8732C /* Debug */ = {
			isa = XCBuildConfiguration;
			buildSettings = {
				ALWAYS_SEARCH_USER_PATHS = NO;
				CLANG_ANALYZER_NONNULL = YES;
				CLANG_ANALYZER_NUMBER_OBJECT_CONVERSION = YES_AGGRESSIVE;
				CLANG_CXX_LANGUAGE_STANDARD = "gnu++20";
				CLANG_ENABLE_MODULES = YES;
				CLANG_ENABLE_OBJC_ARC = YES;
				CLANG_ENABLE_OBJC_WEAK = YES;
				CLANG_WARN_BLOCK_CAPTURE_AUTORELEASING = YES;
				CLANG_WARN_BOOL_CONVERSION = YES;
				CLANG_WARN_COMMA = YES;
				CLANG_WARN_CONSTANT_CONVERSION = YES;
				CLANG_WARN_DEPRECATED_OBJC_IMPLEMENTATIONS = YES;
				CLANG_WARN_DIRECT_OBJC_ISA_USAGE = YES_ERROR;
				CLANG_WARN_DOCUMENTATION_COMMENTS = YES;
				CLANG_WARN_EMPTY_BODY = YES;
				CLANG_WARN_ENUM_CONVERSION = YES;
				CLANG_WARN_INFINITE_RECURSION = YES;
				CLANG_WARN_INT_CONVERSION = YES;
				CLANG_WARN_NON_LITERAL_NULL_CONVERSION = YES;
				CLANG_WARN_OBJC_IMPLICIT_RETAIN_SELF = YES;
				CLANG_WARN_OBJC_LITERAL_CONVERSION = YES;
				CLANG_WARN_OBJC_ROOT_CLASS = YES_ERROR;
				CLANG_WARN_QUOTED_INCLUDE_IN_FRAMEWORK_HEADER = YES;
				CLANG_WARN_RANGE_LOOP_ANALYSIS = YES;
				CLANG_WARN_STRICT_PROTOTYPES = YES;
				CLANG_WARN_SUSPICIOUS_MOVE = YES;
				CLANG_WARN_UNGUARDED_AVAILABILITY = YES_AGGRESSIVE;
				CLANG_WARN_UNREACHABLE_CODE = YES;
				CLANG_WARN__DUPLICATE_METHOD_MATCH = YES;
				COPY_PHASE_STRIP = NO;
				DEBUG_INFORMATION_FORMAT = dwarf;
				ENABLE_STRICT_OBJC_MSGSEND = YES;
				ENABLE_TESTABILITY = YES;
				GCC_C_LANGUAGE_STANDARD = gnu11;
				GCC_DYNAMIC_NO_PIC = NO;
				GCC_NO_COMMON_BLOCKS = YES;
				GCC_OPTIMIZATION_LEVEL = 0;
				GCC_PREPROCESSOR_DEFINITIONS = (
					"DEBUG=1",
					"$(inherited)",
				);
				GCC_WARN_64_TO_32_BIT_CONVERSION = YES;
				GCC_WARN_ABOUT_RETURN_TYPE = YES_ERROR;
				GCC_WARN_UNDECLARED_SELECTOR = YES;
				GCC_WARN_UNINITIALIZED_AUTOS = YES_AGGRESSIVE;
				GCC_WARN_UNUSED_FUNCTION = YES;
				GCC_WARN_UNUSED_VARIABLE = YES;
				IPHONEOS_DEPLOYMENT_TARGET = 16.2;
				MTL_ENABLE_DEBUG_INFO = INCLUDE_SOURCE;
				MTL_FAST_MATH = YES;
				ONLY_ACTIVE_ARCH = YES;
				SDKROOT = iphoneos;
				SWIFT_ACTIVE_COMPILATION_CONDITIONS = DEBUG;
				SWIFT_OPTIMIZATION_LEVEL = "-Onone";
			};
			name = Debug;
		};
		610058B42A5E90ED00E8732C /* Release */ = {
			isa = XCBuildConfiguration;
			buildSettings = {
				ALWAYS_SEARCH_USER_PATHS = NO;
				CLANG_ANALYZER_NONNULL = YES;
				CLANG_ANALYZER_NUMBER_OBJECT_CONVERSION = YES_AGGRESSIVE;
				CLANG_CXX_LANGUAGE_STANDARD = "gnu++20";
				CLANG_ENABLE_MODULES = YES;
				CLANG_ENABLE_OBJC_ARC = YES;
				CLANG_ENABLE_OBJC_WEAK = YES;
				CLANG_WARN_BLOCK_CAPTURE_AUTORELEASING = YES;
				CLANG_WARN_BOOL_CONVERSION = YES;
				CLANG_WARN_COMMA = YES;
				CLANG_WARN_CONSTANT_CONVERSION = YES;
				CLANG_WARN_DEPRECATED_OBJC_IMPLEMENTATIONS = YES;
				CLANG_WARN_DIRECT_OBJC_ISA_USAGE = YES_ERROR;
				CLANG_WARN_DOCUMENTATION_COMMENTS = YES;
				CLANG_WARN_EMPTY_BODY = YES;
				CLANG_WARN_ENUM_CONVERSION = YES;
				CLANG_WARN_INFINITE_RECURSION = YES;
				CLANG_WARN_INT_CONVERSION = YES;
				CLANG_WARN_NON_LITERAL_NULL_CONVERSION = YES;
				CLANG_WARN_OBJC_IMPLICIT_RETAIN_SELF = YES;
				CLANG_WARN_OBJC_LITERAL_CONVERSION = YES;
				CLANG_WARN_OBJC_ROOT_CLASS = YES_ERROR;
				CLANG_WARN_QUOTED_INCLUDE_IN_FRAMEWORK_HEADER = YES;
				CLANG_WARN_RANGE_LOOP_ANALYSIS = YES;
				CLANG_WARN_STRICT_PROTOTYPES = YES;
				CLANG_WARN_SUSPICIOUS_MOVE = YES;
				CLANG_WARN_UNGUARDED_AVAILABILITY = YES_AGGRESSIVE;
				CLANG_WARN_UNREACHABLE_CODE = YES;
				CLANG_WARN__DUPLICATE_METHOD_MATCH = YES;
				COPY_PHASE_STRIP = NO;
				DEBUG_INFORMATION_FORMAT = "dwarf-with-dsym";
				ENABLE_NS_ASSERTIONS = NO;
				ENABLE_STRICT_OBJC_MSGSEND = YES;
				GCC_C_LANGUAGE_STANDARD = gnu11;
				GCC_NO_COMMON_BLOCKS = YES;
				GCC_WARN_64_TO_32_BIT_CONVERSION = YES;
				GCC_WARN_ABOUT_RETURN_TYPE = YES_ERROR;
				GCC_WARN_UNDECLARED_SELECTOR = YES;
				GCC_WARN_UNINITIALIZED_AUTOS = YES_AGGRESSIVE;
				GCC_WARN_UNUSED_FUNCTION = YES;
				GCC_WARN_UNUSED_VARIABLE = YES;
				IPHONEOS_DEPLOYMENT_TARGET = 16.2;
				MTL_ENABLE_DEBUG_INFO = NO;
				MTL_FAST_MATH = YES;
				SDKROOT = iphoneos;
				SWIFT_COMPILATION_MODE = wholemodule;
				SWIFT_OPTIMIZATION_LEVEL = "-O";
				VALIDATE_PRODUCT = YES;
			};
			name = Release;
		};
		610058B62A5E90ED00E8732C /* Debug */ = {
			isa = XCBuildConfiguration;
			buildSettings = {
				ASSETCATALOG_COMPILER_APPICON_NAME = AppIcon;
				ASSETCATALOG_COMPILER_GLOBAL_ACCENT_COLOR_NAME = AccentColor;
				ASSETCATALOG_COMPILER_INCLUDE_ALL_APPICON_ASSETS = YES;
				CODE_SIGN_STYLE = Automatic;
				CURRENT_PROJECT_VERSION = 1;
				GENERATE_INFOPLIST_FILE = YES;
				INFOPLIST_FILE = MyHabits/Info.plist;
				INFOPLIST_KEY_UIApplicationSupportsIndirectInputEvents = YES;
				INFOPLIST_KEY_UILaunchStoryboardName = LaunchScreen.storyboard;
				INFOPLIST_KEY_UISupportedInterfaceOrientations_iPad = "UIInterfaceOrientationPortrait UIInterfaceOrientationPortraitUpsideDown UIInterfaceOrientationLandscapeLeft UIInterfaceOrientationLandscapeRight";
				INFOPLIST_KEY_UISupportedInterfaceOrientations_iPhone = "UIInterfaceOrientationPortrait UIInterfaceOrientationLandscapeLeft UIInterfaceOrientationLandscapeRight";
				IPHONEOS_DEPLOYMENT_TARGET = 14.0;
				LD_RUNPATH_SEARCH_PATHS = (
					"$(inherited)",
					"@executable_path/Frameworks",
				);
				MARKETING_VERSION = 1.0;
				PRODUCT_BUNDLE_IDENTIFIER = com.nagaevaki.MyHabits;
				PRODUCT_NAME = "$(TARGET_NAME)";
				SUPPORTED_PLATFORMS = "iphoneos iphonesimulator";
				SUPPORTS_MACCATALYST = NO;
				SUPPORTS_MAC_DESIGNED_FOR_IPHONE_IPAD = NO;
				SWIFT_EMIT_LOC_STRINGS = YES;
				SWIFT_VERSION = 5.0;
				TARGETED_DEVICE_FAMILY = "1,2";
			};
			name = Debug;
		};
		610058B72A5E90ED00E8732C /* Release */ = {
			isa = XCBuildConfiguration;
			buildSettings = {
				ASSETCATALOG_COMPILER_APPICON_NAME = AppIcon;
				ASSETCATALOG_COMPILER_GLOBAL_ACCENT_COLOR_NAME = AccentColor;
				ASSETCATALOG_COMPILER_INCLUDE_ALL_APPICON_ASSETS = YES;
				CODE_SIGN_STYLE = Automatic;
				CURRENT_PROJECT_VERSION = 1;
				GENERATE_INFOPLIST_FILE = YES;
				INFOPLIST_FILE = MyHabits/Info.plist;
				INFOPLIST_KEY_UIApplicationSupportsIndirectInputEvents = YES;
				INFOPLIST_KEY_UILaunchStoryboardName = LaunchScreen.storyboard;
				INFOPLIST_KEY_UISupportedInterfaceOrientations_iPad = "UIInterfaceOrientationPortrait UIInterfaceOrientationPortraitUpsideDown UIInterfaceOrientationLandscapeLeft UIInterfaceOrientationLandscapeRight";
				INFOPLIST_KEY_UISupportedInterfaceOrientations_iPhone = "UIInterfaceOrientationPortrait UIInterfaceOrientationLandscapeLeft UIInterfaceOrientationLandscapeRight";
				IPHONEOS_DEPLOYMENT_TARGET = 14.0;
				LD_RUNPATH_SEARCH_PATHS = (
					"$(inherited)",
					"@executable_path/Frameworks",
				);
				MARKETING_VERSION = 1.0;
				PRODUCT_BUNDLE_IDENTIFIER = com.nagaevaki.MyHabits;
				PRODUCT_NAME = "$(TARGET_NAME)";
				SUPPORTED_PLATFORMS = "iphoneos iphonesimulator";
				SUPPORTS_MACCATALYST = NO;
				SUPPORTS_MAC_DESIGNED_FOR_IPHONE_IPAD = NO;
				SWIFT_EMIT_LOC_STRINGS = YES;
				SWIFT_VERSION = 5.0;
				TARGETED_DEVICE_FAMILY = "1,2";
			};
			name = Release;
		};
/* End XCBuildConfiguration section */

/* Begin XCConfigurationList section */
		6100589C2A5E90EA00E8732C /* Build configuration list for PBXProject "MyHabits" */ = {
			isa = XCConfigurationList;
			buildConfigurations = (
				610058B32A5E90ED00E8732C /* Debug */,
				610058B42A5E90ED00E8732C /* Release */,
			);
			defaultConfigurationIsVisible = 0;
			defaultConfigurationName = Release;
		};
		610058B52A5E90ED00E8732C /* Build configuration list for PBXNativeTarget "MyHabits" */ = {
			isa = XCConfigurationList;
			buildConfigurations = (
				610058B62A5E90ED00E8732C /* Debug */,
				610058B72A5E90ED00E8732C /* Release */,
			);
			defaultConfigurationIsVisible = 0;
			defaultConfigurationName = Release;
		};
/* End XCConfigurationList section */
	};
	rootObject = 610058992A5E90EA00E8732C /* Project object */;
}
